
Microsoft Visual Studio Solution File, Format Version 12.00
# Visual Studio 14
VisualStudioVersion = 14.0.25420.1
MinimumVisualStudioVersion = 10.0.40219.1
Project("{8BC9CEB8-8B4A-11D0-8D11-00A0C91BC942}") = "ParticleSystem", "ParticleSystem\ParticleSystem.vcxproj", "{0759F1D4-BB6F-48A9-BB38-0CCA96F68DC3}"
EndProject
Project("{8BC9CEB8-8B4A-11D0-8D11-00A0C91BC942}") = "SimpleIK", "SimpleIK\SimpleIK.vcxproj", "{EE172BD5-C821-4018-923F-2BCC7BF5D6F7}"
EndProject
Project("{8BC9CEB8-8B4A-11D0-8D11-00A0C91BC942}") = "BVHSimpleViewer", "BVHSimpleViewer\BVHSimpleViewer.vcxproj", "{44800CDB-E6BD-4DE8-9A24-383605EEF627}"
EndProject
Project("{8BC9CEB8-8B4A-11D0-8D11-00A0C91BC942}") = "SimpleBlobbyGenerator", "SimpleBlobbyGenerator\SimpleBlobbyGenerator.vcxproj", "{19CB3CB6-23BA-4B96-BB75-8DBE7FDE89E4}"
EndProject
Global
	GlobalSection(SolutionConfigurationPlatforms) = preSolution
		Debug|x64 = Debug|x64
		Debug|x86 = Debug|x86
		Release|x64 = Release|x64
		Release|x86 = Release|x86
	EndGlobalSection
	GlobalSection(ProjectConfigurationPlatforms) = postSolution
		{0759F1D4-BB6F-48A9-BB38-0CCA96F68DC3}.Debug|x64.ActiveCfg = Debug|x64
		{0759F1D4-BB6F-48A9-BB38-0CCA96F68DC3}.Debug|x64.Build.0 = Debug|x64
		{0759F1D4-BB6F-48A9-BB38-0CCA96F68DC3}.Debug|x86.ActiveCfg = Debug|Win32
		{0759F1D4-BB6F-48A9-BB38-0CCA96F68DC3}.Debug|x86.Build.0 = Debug|Win32
		{0759F1D4-BB6F-48A9-BB38-0CCA96F68DC3}.Release|x64.ActiveCfg = Release|x64
		{0759F1D4-BB6F-48A9-BB38-0CCA96F68DC3}.Release|x64.Build.0 = Release|x64
		{0759F1D4-BB6F-48A9-BB38-0CCA96F68DC3}.Release|x86.ActiveCfg = Release|Win32
		{0759F1D4-BB6F-48A9-BB38-0CCA96F68DC3}.Release|x86.Build.0 = Release|Win32
		{EE172BD5-C821-4018-923F-2BCC7BF5D6F7}.Debug|x64.ActiveCfg = Debug|x64
		{EE172BD5-C821-4018-923F-2BCC7BF5D6F7}.Debug|x64.Build.0 = Debug|x64
		{EE172BD5-C821-4018-923F-2BCC7BF5D6F7}.Debug|x86.ActiveCfg = Debug|Win32
		{EE172BD5-C821-4018-923F-2BCC7BF5D6F7}.Debug|x86.Build.0 = Debug|Win32
		{EE172BD5-C821-4018-923F-2BCC7BF5D6F7}.Release|x64.ActiveCfg = Release|x64
		{EE172BD5-C821-4018-923F-2BCC7BF5D6F7}.Release|x64.Build.0 = Release|x64
		{EE172BD5-C821-4018-923F-2BCC7BF5D6F7}.Release|x86.ActiveCfg = Release|Win32
		{EE172BD5-C821-4018-923F-2BCC7BF5D6F7}.Release|x86.Build.0 = Release|Win32
		{44800CDB-E6BD-4DE8-9A24-383605EEF627}.Debug|x64.ActiveCfg = Debug|x64
		{44800CDB-E6BD-4DE8-9A24-383605EEF627}.Debug|x64.Build.0 = Debug|x64
		{44800CDB-E6BD-4DE8-9A24-383605EEF627}.Debug|x86.ActiveCfg = Debug|Win32
		{44800CDB-E6BD-4DE8-9A24-383605EEF627}.Debug|x86.Build.0 = Debug|Win32
		{44800CDB-E6BD-4DE8-9A24-383605EEF627}.Release|x64.ActiveCfg = Release|x64
		{44800CDB-E6BD-4DE8-9A24-383605EEF627}.Release|x64.Build.0 = Release|x64
		{44800CDB-E6BD-4DE8-9A24-383605EEF627}.Release|x86.ActiveCfg = Release|Win32
		{44800CDB-E6BD-4DE8-9A24-383605EEF627}.Release|x86.Build.0 = Release|Win32
		{19CB3CB6-23BA-4B96-BB75-8DBE7FDE89E4}.Debug|x64.ActiveCfg = Debug|x64
		{19CB3CB6-23BA-4B96-BB75-8DBE7FDE89E4}.Debug|x64.Build.0 = Debug|x64
		{19CB3CB6-23BA-4B96-BB75-8DBE7FDE89E4}.Debug|x86.ActiveCfg = Debug|Win32
		{19CB3CB6-23BA-4B96-BB75-8DBE7FDE89E4}.Debug|x86.Build.0 = Debug|Win32
		{19CB3CB6-23BA-4B96-BB75-8DBE7FDE89E4}.Release|x64.ActiveCfg = Release|x64
		{19CB3CB6-23BA-4B96-BB75-8DBE7FDE89E4}.Release|x64.Build.0 = Release|x64
		{19CB3CB6-23BA-4B96-BB75-8DBE7FDE89E4}.Release|x86.ActiveCfg = Release|Win32
		{19CB3CB6-23BA-4B96-BB75-8DBE7FDE89E4}.Release|x86.Build.0 = Release|Win32
	EndGlobalSection
	GlobalSection(SolutionProperties) = preSolution
		HideSolutionNode = FALSE
	EndGlobalSection
EndGlobal
